{
  "nodes": {
    "emacs-overlay": {
      "locked": {
        "lastModified": 1636478422,
        "narHash": "sha256-HvuQabo0MjPudk6Un73Fr49s42JIYaoptzsJ4pTmRBA=",
        "owner": "nix-community",
        "repo": "emacs-overlay",
        "rev": "5dbb662e9ba260eb9c0d83b8dce11a2b6d8a4831",
        "type": "github"
      },
      "original": {
        "owner": "nix-community",
        "repo": "emacs-overlay",
        "type": "github"
      }
    },
    "home-manager": {
      "inputs": {
        "nixpkgs": [
          "nixpkgs"
        ]
      },
      "locked": {
        "lastModified": 1636520380,
        "narHash": "sha256-gBiQ8+AQG6Dia34rqJDuqs6VFe/J1SjIhOZBeTXCKQI=",
        "owner": "rycee",
        "repo": "home-manager",
        "rev": "1e5c8e9bff00d0844bc3d25d1a98eab5633e600b",
        "type": "github"
      },
      "original": {
        "owner": "rycee",
        "ref": "master",
        "repo": "home-manager",
        "type": "github"
      }
    },
    "nixpkgs": {
      "locked": {
        "lastModified": 1636267212,
        "narHash": "sha256-KDS173KqmqrYUPY9N4vf750GxIo+S6E0djyq2BsQm8s=",
        "owner": "NixOS",
        "repo": "nixpkgs",
        "rev": "c935f5e0add2cf0ae650d072c8357533e21b0c35",
        "type": "github"
      },
      "original": {
        "id": "nixpkgs",
        "ref": "nixos-unstable",
        "type": "indirect"
      }
    },
    "nixpkgs-unstable": {
      "locked": {
        "lastModified": 1636525513,
        "narHash": "sha256-ouWyHAWrq9wOB4F+vUvFunXpoPLn8kXBr7TpqhAg8v0=",
        "owner": "NixOS",
        "repo": "nixpkgs",
        "rev": "99ee3ee2907f64c33eba06fd2f8c086b90204ee6",
        "type": "github"
      },
      "original": {
        "id": "nixpkgs",
        "ref": "master",
        "type": "indirect"
      }
    },
    "root": {
      "inputs": {
        "emacs-overlay": "emacs-overlay",
        "home-manager": "home-manager",
        "nixpkgs": "nixpkgs",
        "nixpkgs-unstable": "nixpkgs-unstable"
      }
    }
  },
  "root": "root",
  "version": 7
}
